<?xml version="1.0" encoding="utf-8"?>
<Project ToolsVersion="4.0" xmlns="http://schemas.microsoft.com/developer/msbuild/2003">
  <ItemGroup>
    <Filter Include="Fichiers sources">
      <UniqueIdentifier>{4FC737F1-C7A5-4376-A066-2A32D752A2FF}</UniqueIdentifier>
      <Extensions>cpp;c;cc;cxx;c++;cppm;ixx;def;odl;idl;hpj;bat;asm;asmx</Extensions>
    </Filter>
    <Filter Include="Fichiers d%27en-tête">
      <UniqueIdentifier>{93995380-89BD-4b04-88EB-625FBE52EBFB}</UniqueIdentifier>
      <Extensions>h;hh;hpp;hxx;h++;hm;inl;inc;ipp;xsd</Extensions>
    </Filter>
    <Filter Include="Fichiers de ressources">
      <UniqueIdentifier>{67DA6AB6-F800-4c08-8B7A-83BB121AAD01}</UniqueIdentifier>
      <Extensions>rc;ico;cur;bmp;dlg;rc2;rct;bin;rgs;gif;jpg;jpeg;jpe;resx;tiff;tif;png;wav;mfcribbon-ms</Extensions>
    </Filter>
    <Filter Include="Fichiers sources\untypequicode">
      <UniqueIdentifier>{526c7661-2c45-4daa-bd8c-e27cd0294d7d}</UniqueIdentifier>
    </Filter>
    <Filter Include="Fichiers sources\vincentcestmoi">
      <UniqueIdentifier>{1e3ab0d1-73ee-4686-b02f-a1ee5fe413c2}</UniqueIdentifier>
    </Filter>
    <Filter Include="Fichiers sources\gii33">
      <UniqueIdentifier>{19f6713b-67c2-4870-8897-018bae984fa1}</UniqueIdentifier>
    </Filter>
  </ItemGroup>
  <ItemGroup>
    <None Include="README.md">
      <Filter>Fichiers sources</Filter>
    </None>
  </ItemGroup>
  <ItemGroup>
    <ClCompile Include="src\main.cpp">
      <Filter>Fichiers sources</Filter>
    </ClCompile>
    <ClCompile Include="src\tutos\untypequicode\untypequicode.cpp">
      <Filter>Fichiers sources\untypequicode</Filter>
    </ClCompile>
    <ClCompile Include="src\tutos\vincentcestmoi\vincentcestmoi.cpp">
      <Filter>Fichiers sources\vincentcestmoi</Filter>
    </ClCompile>
    <ClCompile Include="src\tutos\gii33\gii33.cpp">
      <Filter>Fichiers sources\gii33</Filter>
    </ClCompile>
  </ItemGroup>
  <ItemGroup>
    <ClInclude Include="src\tutos\untypequicode\untypequicode.h">
      <Filter>Fichiers sources\untypequicode</Filter>
    </ClInclude>
    <ClInclude Include="src\tutos\vincentcestmoi\vincentcestmoi.h">
      <Filter>Fichiers sources\vincentcestmoi</Filter>
    </ClInclude>
    <ClInclude Include="src\tutos\gii33\gii33.h">
      <Filter>Fichiers sources\gii33</Filter>
    </ClInclude>
  </ItemGroup>
</Project>