
Microsoft Visual Studio Solution File, Format Version 12.00
# Visual Studio Version 17
VisualStudioVersion = 17.7.34031.279
MinimumVisualStudioVersion = 10.0.40219.1
Project("{8BC9CEB8-8B4A-11D0-8D11-00A0C91BC942}") = "Schedule-Genius", "Schedule-Genius.vcxproj", "{DCF262D8-612D-404B-858D-1A09AD8FC86D}"
EndProject
Global
	GlobalSection(SolutionConfigurationPlatforms) = preSolution
		Debug|x64 = Debug|x64
		Debug|x86 = Debug|x86
		Release|x64 = Release|x64
		Release|x86 = Release|x86
	EndGlobalSection
	GlobalSection(ProjectConfigurationPlatforms) = postSolution
		{DCF262D8-612D-404B-858D-1A09AD8FC86D}.Debug|x64.ActiveCfg = Debug|x64
		{DCF262D8-612D-404B-858D-1A09AD8FC86D}.Debug|x64.Build.0 = Debug|x64
		{DCF262D8-612D-404B-858D-1A09AD8FC86D}.Debug|x86.ActiveCfg = Debug|Win32
		{DCF262D8-612D-404B-858D-1A09AD8FC86D}.Debug|x86.Build.0 = Debug|Win32
		{DCF262D8-612D-404B-858D-1A09AD8FC86D}.Release|x64.ActiveCfg = Release|x64
		{DCF262D8-612D-404B-858D-1A09AD8FC86D}.Release|x64.Build.0 = Release|x64
		{DCF262D8-612D-404B-858D-1A09AD8FC86D}.Release|x86.ActiveCfg = Release|Win32
		{DCF262D8-612D-404B-858D-1A09AD8FC86D}.Release|x86.Build.0 = Release|Win32
	EndGlobalSection
	GlobalSection(SolutionProperties) = preSolution
		HideSolutionNode = FALSE
	EndGlobalSection
	GlobalSection(ExtensibilityGlobals) = postSolution
		SolutionGuid = {3F5DC808-6590-47A4-B9AF-2223AE0CBB22}
	EndGlobalSection
EndGlobal
